{
  "name": "app",
  "requires": true,
  "lockfileVersion": 1,
  "dependencies": {
    "vee-validate": {
      "version": "3.2.1",
      "resolved": "https://registry.npmjs.org/vee-validate/-/vee-validate-3.2.1.tgz",
      "integrity": "sha512-3mjHo/BQnLxsc1eW3LBrVNACXBiGK/hPbQQTpxoONRdRdCqYREjX4JdZk83ArbtrIXs/bvkakOiOYKR9i0F7mg=="
    }
  }
}
